
Microsoft Visual Studio Solution File, Format Version 12.00
# Visual Studio Version 17
VisualStudioVersion = 17.9.34728.123
MinimumVisualStudioVersion = 10.0.40219.1
Project("{FAE04EC0-301F-11D3-BF4B-00C04F79EFBC}") = "Quản Lý Khách Sạn1", "Quản Lý Khách Sạn1.csproj", "{42DBC6C2-21A9-4CD1-9B01-160894A64DAB}"
EndProject
Global
	GlobalSection(SolutionConfigurationPlatforms) = preSolution
		Debug|Any CPU = Debug|Any CPU
		Release|Any CPU = Release|Any CPU
	EndGlobalSection
	GlobalSection(ProjectConfigurationPlatforms) = postSolution
		{42DBC6C2-21A9-4CD1-9B01-160894A64DAB}.Debug|Any CPU.ActiveCfg = Debug|Any CPU
		{42DBC6C2-21A9-4CD1-9B01-160894A64DAB}.Debug|Any CPU.Build.0 = Debug|Any CPU
		{42DBC6C2-21A9-4CD1-9B01-160894A64DAB}.Release|Any CPU.ActiveCfg = Release|Any CPU
		{42DBC6C2-21A9-4CD1-9B01-160894A64DAB}.Release|Any CPU.Build.0 = Release|Any CPU
	EndGlobalSection
	GlobalSection(SolutionProperties) = preSolution
		HideSolutionNode = FALSE
	EndGlobalSection
	GlobalSection(ExtensibilityGlobals) = postSolution
		SolutionGuid = {EFF144DC-649A-434D-A0FE-AB9A043233B7}
	EndGlobalSection
EndGlobal
